
Microsoft Visual Studio Solution File, Format Version 12.00
# Visual Studio 15
VisualStudioVersion = 15.0.27004.2005
MinimumVisualStudioVersion = 10.0.40219.1
Project("{9A19103F-16F7-4668-BE54-9A1E7A4F7556}") = "TestConsoleApp", "TestConsoleApp\TestConsoleApp.csproj", "{3F64A291-2563-4B78-886F-A1185D88F449}"
EndProject
Project("{9A19103F-16F7-4668-BE54-9A1E7A4F7556}") = "BusproService", "BusproService\BusproService.csproj", "{74FD61BB-E51E-40C3-8116-F3722C8DAEC8}"
EndProject
Global
	GlobalSection(SolutionConfigurationPlatforms) = preSolution
		Debug|Any CPU = Debug|Any CPU
		Release|Any CPU = Release|Any CPU
	EndGlobalSection
	GlobalSection(ProjectConfigurationPlatforms) = postSolution
		{3F64A291-2563-4B78-886F-A1185D88F449}.Debug|Any CPU.ActiveCfg = Debug|Any CPU
		{3F64A291-2563-4B78-886F-A1185D88F449}.Debug|Any CPU.Build.0 = Debug|Any CPU
		{3F64A291-2563-4B78-886F-A1185D88F449}.Release|Any CPU.ActiveCfg = Release|Any CPU
		{3F64A291-2563-4B78-886F-A1185D88F449}.Release|Any CPU.Build.0 = Release|Any CPU
		{74FD61BB-E51E-40C3-8116-F3722C8DAEC8}.Debug|Any CPU.ActiveCfg = Debug|Any CPU
		{74FD61BB-E51E-40C3-8116-F3722C8DAEC8}.Debug|Any CPU.Build.0 = Debug|Any CPU
		{74FD61BB-E51E-40C3-8116-F3722C8DAEC8}.Release|Any CPU.ActiveCfg = Release|Any CPU
		{74FD61BB-E51E-40C3-8116-F3722C8DAEC8}.Release|Any CPU.Build.0 = Release|Any CPU
	EndGlobalSection
	GlobalSection(SolutionProperties) = preSolution
		HideSolutionNode = FALSE
	EndGlobalSection
	GlobalSection(ExtensibilityGlobals) = postSolution
		SolutionGuid = {C20FE626-EF9D-41B3-9AC7-2939F4559A9A}
	EndGlobalSection
EndGlobal
